
Microsoft Visual Studio Solution File, Format Version 12.00
# Visual Studio Version 17
VisualStudioVersion = 17.0.32014.148
MinimumVisualStudioVersion = 10.0.40219.1
Project("{FAE04EC0-301F-11D3-BF4B-00C04F79EFBC}") = "CronusWebApplication", "CronusWebApplication\CronusWebApplication.csproj", "{EA1466A2-18F4-4613-88CF-38A67E1C56CC}"
EndProject
Project("{FAE04EC0-301F-11D3-BF4B-00C04F79EFBC}") = "CronusForms", "CronusForms\CronusForms.csproj", "{1182AE9F-2F46-44F1-9081-72427669F73D}"
EndProject
Project("{FAE04EC0-301F-11D3-BF4B-00C04F79EFBC}") = "Assignment5Forms", "Assignment5Forms\Assignment5Forms.csproj", "{96F9DEB7-306E-414B-9606-E02A8F034D24}"
EndProject
Project("{FAE04EC0-301F-11D3-BF4B-00C04F79EFBC}") = "Assignment5WebApp", "Assignment5WebApp\Assignment5WebApp.csproj", "{6DD0F4F0-12F7-40C3-A94F-492975ED8138}"
EndProject
Global
	GlobalSection(SolutionConfigurationPlatforms) = preSolution
		Debug|Any CPU = Debug|Any CPU
		Release|Any CPU = Release|Any CPU
	EndGlobalSection
	GlobalSection(ProjectConfigurationPlatforms) = postSolution
		{EA1466A2-18F4-4613-88CF-38A67E1C56CC}.Debug|Any CPU.ActiveCfg = Debug|Any CPU
		{EA1466A2-18F4-4613-88CF-38A67E1C56CC}.Debug|Any CPU.Build.0 = Debug|Any CPU
		{EA1466A2-18F4-4613-88CF-38A67E1C56CC}.Release|Any CPU.ActiveCfg = Release|Any CPU
		{EA1466A2-18F4-4613-88CF-38A67E1C56CC}.Release|Any CPU.Build.0 = Release|Any CPU
		{1182AE9F-2F46-44F1-9081-72427669F73D}.Debug|Any CPU.ActiveCfg = Debug|Any CPU
		{1182AE9F-2F46-44F1-9081-72427669F73D}.Debug|Any CPU.Build.0 = Debug|Any CPU
		{1182AE9F-2F46-44F1-9081-72427669F73D}.Release|Any CPU.ActiveCfg = Release|Any CPU
		{1182AE9F-2F46-44F1-9081-72427669F73D}.Release|Any CPU.Build.0 = Release|Any CPU
		{96F9DEB7-306E-414B-9606-E02A8F034D24}.Debug|Any CPU.ActiveCfg = Debug|Any CPU
		{96F9DEB7-306E-414B-9606-E02A8F034D24}.Debug|Any CPU.Build.0 = Debug|Any CPU
		{96F9DEB7-306E-414B-9606-E02A8F034D24}.Release|Any CPU.ActiveCfg = Release|Any CPU
		{96F9DEB7-306E-414B-9606-E02A8F034D24}.Release|Any CPU.Build.0 = Release|Any CPU
		{6DD0F4F0-12F7-40C3-A94F-492975ED8138}.Debug|Any CPU.ActiveCfg = Debug|Any CPU
		{6DD0F4F0-12F7-40C3-A94F-492975ED8138}.Debug|Any CPU.Build.0 = Debug|Any CPU
		{6DD0F4F0-12F7-40C3-A94F-492975ED8138}.Release|Any CPU.ActiveCfg = Release|Any CPU
		{6DD0F4F0-12F7-40C3-A94F-492975ED8138}.Release|Any CPU.Build.0 = Release|Any CPU
	EndGlobalSection
	GlobalSection(SolutionProperties) = preSolution
		HideSolutionNode = FALSE
	EndGlobalSection
	GlobalSection(ExtensibilityGlobals) = postSolution
		SolutionGuid = {2BF1CBF8-1F7F-4A54-AA1A-012208E3A70E}
	EndGlobalSection
EndGlobal
